
Microsoft Visual Studio Solution File, Format Version 12.00
# Visual Studio Version 16
VisualStudioVersion = 16.0.34031.81
MinimumVisualStudioVersion = 10.0.40219.1
Project("{FAE04EC0-301F-11D3-BF4B-00C04F79EFBC}") = "63CNTT5_N1", "63CNTT5_N1\63CNTT5_N1.csproj", "{1DEE037F-B739-45F3-A7DA-58304C298EED}"
EndProject
Global
	GlobalSection(SolutionConfigurationPlatforms) = preSolution
		Debug|Any CPU = Debug|Any CPU
		Release|Any CPU = Release|Any CPU
	EndGlobalSection
	GlobalSection(ProjectConfigurationPlatforms) = postSolution
		{1DEE037F-B739-45F3-A7DA-58304C298EED}.Debug|Any CPU.ActiveCfg = Debug|Any CPU
		{1DEE037F-B739-45F3-A7DA-58304C298EED}.Debug|Any CPU.Build.0 = Debug|Any CPU
		{1DEE037F-B739-45F3-A7DA-58304C298EED}.Release|Any CPU.ActiveCfg = Release|Any CPU
		{1DEE037F-B739-45F3-A7DA-58304C298EED}.Release|Any CPU.Build.0 = Release|Any CPU
	EndGlobalSection
	GlobalSection(SolutionProperties) = preSolution
		HideSolutionNode = FALSE
	EndGlobalSection
	GlobalSection(ExtensibilityGlobals) = postSolution
		SolutionGuid = {EE72C4DA-39FA-4832-A045-2E83E101E5EF}
	EndGlobalSection
EndGlobal
